// !$*UTF8*$!
{
	archiveVersion = 1;
	classes = {
	};
	objectVersion = 50;
	objects = {

/* Begin PBXBuildFile section */
		2D2A50761313B60240FA3AD9 /* libPods-MediaProject.a in Frameworks */ = {isa = PBXBuildFile; fileRef = 9E59277D971639E172682609 /* libPods-MediaProject.a */; };
		5800669CBDDC356168DF61B0 /* libPods-MediaProjectUITests.a in Frameworks */ = {isa = PBXBuildFile; fileRef = 3FD4E87FD534C5D8418C64F9 /* libPods-MediaProjectUITests.a */; };
		77B2BE30AB66905A78D9E706 /* libPods-MediaProjectTests.a in Frameworks */ = {isa = PBXBuildFile; fileRef = 67A445C35732B28FF9592155 /* libPods-MediaProjectTests.a */; };
		9C9FA44122A55E7C00576EB3 /* AppDelegate.m in Sources */ = {isa = PBXBuildFile; fileRef = 9C9FA44022A55E7C00576EB3 /* AppDelegate.m */; };
		9C9FA44422A55E7C00576EB3 /* ViewController.m in Sources */ = {isa = PBXBuildFile; fileRef = 9C9FA44322A55E7C00576EB3 /* ViewController.m */; };
		9C9FA44722A55E7C00576EB3 /* Main.storyboard in Resources */ = {isa = PBXBuildFile; fileRef = 9C9FA44522A55E7C00576EB3 /* Main.storyboard */; };
		9C9FA44922A55E7E00576EB3 /* Assets.xcassets in Resources */ = {isa = PBXBuildFile; fileRef = 9C9FA44822A55E7E00576EB3 /* Assets.xcassets */; };
		9C9FA44C22A55E7E00576EB3 /* LaunchScreen.storyboard in Resources */ = {isa = PBXBuildFile; fileRef = 9C9FA44A22A55E7E00576EB3 /* LaunchScreen.storyboard */; };
		9C9FA44F22A55E7E00576EB3 /* main.m in Sources */ = {isa = PBXBuildFile; fileRef = 9C9FA44E22A55E7E00576EB3 /* main.m */; };
		9C9FA45922A55E7E00576EB3 /* MediaProjectTests.m in Sources */ = {isa = PBXBuildFile; fileRef = 9C9FA45822A55E7E00576EB3 /* MediaProjectTests.m */; };
		9C9FA46422A55E7E00576EB3 /* MediaProjectUITests.m in Sources */ = {isa = PBXBuildFile; fileRef = 9C9FA46322A55E7E00576EB3 /* MediaProjectUITests.m */; };
/* End PBXBuildFile section */

/* Begin PBXContainerItemProxy section */
		9C9FA45522A55E7E00576EB3 /* PBXContainerItemProxy */ = {
			isa = PBXContainerItemProxy;
			containerPortal = 9C9FA43422A55E7C00576EB3 /* Project object */;
			proxyType = 1;
			remoteGlobalIDString = 9C9FA43B22A55E7C00576EB3;
			remoteInfo = MediaProject;
		};
		9C9FA46022A55E7E00576EB3 /* PBXContainerItemProxy */ = {
			isa = PBXContainerItemProxy;
			containerPortal = 9C9FA43422A55E7C00576EB3 /* Project object */;
			proxyType = 1;
			remoteGlobalIDString = 9C9FA43B22A55E7C00576EB3;
			remoteInfo = MediaProject;
		};
/* End PBXContainerItemProxy section */

/* Begin PBXFileReference section */
		28A5089EB1DF4BC545EB91EE /* Pods-MediaProjectTests.debug.xcconfig */ = {isa = PBXFileReference; includeInIndex = 1; lastKnownFileType = text.xcconfig; name = "Pods-MediaProjectTests.debug.xcconfig"; path = "Target Support Files/Pods-MediaProjectTests/Pods-MediaProjectTests.debug.xcconfig"; sourceTree = "<group>"; };
		3FD4E87FD534C5D8418C64F9 /* libPods-MediaProjectUITests.a */ = {isa = PBXFileReference; explicitFileType = archive.ar; includeInIndex = 0; path = "libPods-MediaProjectUITests.a"; sourceTree = BUILT_PRODUCTS_DIR; };
		67A445C35732B28FF9592155 /* libPods-MediaProjectTests.a */ = {isa = PBXFileReference; explicitFileType = archive.ar; includeInIndex = 0; path = "libPods-MediaProjectTests.a"; sourceTree = BUILT_PRODUCTS_DIR; };
		6816EBB7B4864396F6037752 /* Pods-MediaProjectUITests.debug.xcconfig */ = {isa = PBXFileReference; includeInIndex = 1; lastKnownFileType = text.xcconfig; name = "Pods-MediaProjectUITests.debug.xcconfig"; path = "Target Support Files/Pods-MediaProjectUITests/Pods-MediaProjectUITests.debug.xcconfig"; sourceTree = "<group>"; };
		6ABA0C24D39C00634DE2C1A0 /* Pods-MediaProjectUITests.release.xcconfig */ = {isa = PBXFileReference; includeInIndex = 1; lastKnownFileType = text.xcconfig; name = "Pods-MediaProjectUITests.release.xcconfig"; path = "Target Support Files/Pods-MediaProjectUITests/Pods-MediaProjectUITests.release.xcconfig"; sourceTree = "<group>"; };
		771DD6C36AFB4ADA18CC80F7 /* Pods-MediaProject.release.xcconfig */ = {isa = PBXFileReference; includeInIndex = 1; lastKnownFileType = text.xcconfig; name = "Pods-MediaProject.release.xcconfig"; path = "Target Support Files/Pods-MediaProject/Pods-MediaProject.release.xcconfig"; sourceTree = "<group>"; };
		9C9FA43C22A55E7C00576EB3 /* MediaProject.app */ = {isa = PBXFileReference; explicitFileType = wrapper.application; includeInIndex = 0; path = MediaProject.app; sourceTree = BUILT_PRODUCTS_DIR; };
		9C9FA43F22A55E7C00576EB3 /* AppDelegate.h */ = {isa = PBXFileReference; lastKnownFileType = sourcecode.c.h; path = AppDelegate.h; sourceTree = "<group>"; };
		9C9FA44022A55E7C00576EB3 /* AppDelegate.m */ = {isa = PBXFileReference; lastKnownFileType = sourcecode.c.objc; path = AppDelegate.m; sourceTree = "<group>"; };
		9C9FA44222A55E7C00576EB3 /* ViewController.h */ = {isa = PBXFileReference; lastKnownFileType = sourcecode.c.h; path = ViewController.h; sourceTree = "<group>"; };
		9C9FA44322A55E7C00576EB3 /* ViewController.m */ = {isa = PBXFileReference; lastKnownFileType = sourcecode.c.objc; path = ViewController.m; sourceTree = "<group>"; };
		9C9FA44622A55E7C00576EB3 /* Base */ = {isa = PBXFileReference; lastKnownFileType = file.storyboard; name = Base; path = Base.lproj/Main.storyboard; sourceTree = "<group>"; };
		9C9FA44822A55E7E00576EB3 /* Assets.xcassets */ = {isa = PBXFileReference; lastKnownFileType = folder.assetcatalog; path = Assets.xcassets; sourceTree = "<group>"; };
		9C9FA44B22A55E7E00576EB3 /* Base */ = {isa = PBXFileReference; lastKnownFileType = file.storyboard; name = Base; path = Base.lproj/LaunchScreen.storyboard; sourceTree = "<group>"; };
		9C9FA44D22A55E7E00576EB3 /* Info.plist */ = {isa = PBXFileReference; lastKnownFileType = text.plist.xml; path = Info.plist; sourceTree = "<group>"; };
		9C9FA44E22A55E7E00576EB3 /* main.m */ = {isa = PBXFileReference; lastKnownFileType = sourcecode.c.objc; path = main.m; sourceTree = "<group>"; };
		9C9FA45422A55E7E00576EB3 /* MediaProjectTests.xctest */ = {isa = PBXFileReference; explicitFileType = wrapper.cfbundle; includeInIndex = 0; path = MediaProjectTests.xctest; sourceTree = BUILT_PRODUCTS_DIR; };
		9C9FA45822A55E7E00576EB3 /* MediaProjectTests.m */ = {isa = PBXFileReference; lastKnownFileType = sourcecode.c.objc; path = MediaProjectTests.m; sourceTree = "<group>"; };
		9C9FA45A22A55E7E00576EB3 /* Info.plist */ = {isa = PBXFileReference; lastKnownFileType = text.plist.xml; path = Info.plist; sourceTree = "<group>"; };
		9C9FA45F22A55E7E00576EB3 /* MediaProjectUITests.xctest */ = {isa = PBXFileReference; explicitFileType = wrapper.cfbundle; includeInIndex = 0; path = MediaProjectUITests.xctest; sourceTree = BUILT_PRODUCTS_DIR; };
		9C9FA46322A55E7E00576EB3 /* MediaProjectUITests.m */ = {isa = PBXFileReference; lastKnownFileType = sourcecode.c.objc; path = MediaProjectUITests.m; sourceTree = "<group>"; };
		9C9FA46522A55E7E00576EB3 /* Info.plist */ = {isa = PBXFileReference; lastKnownFileType = text.plist.xml; path = Info.plist; sourceTree = "<group>"; };
		9E59277D971639E172682609 /* libPods-MediaProject.a */ = {isa = PBXFileReference; explicitFileType = archive.ar; includeInIndex = 0; path = "libPods-MediaProject.a"; sourceTree = BUILT_PRODUCTS_DIR; };
		A8524065AEE3C0DE359D4D03 /* Pods-MediaProjectTests.release.xcconfig */ = {isa = PBXFileReference; includeInIndex = 1; lastKnownFileType = text.xcconfig; name = "Pods-MediaProjectTests.release.xcconfig"; path = "Target Support Files/Pods-MediaProjectTests/Pods-MediaProjectTests.release.xcconfig"; sourceTree = "<group>"; };
		AF54C7CACDD0CD6D067331B6 /* Pods-MediaProject.debug.xcconfig */ = {isa = PBXFileReference; includeInIndex = 1; lastKnownFileType = text.xcconfig; name = "Pods-MediaProject.debug.xcconfig"; path = "Target Support Files/Pods-MediaProject/Pods-MediaProject.debug.xcconfig"; sourceTree = "<group>"; };
/* End PBXFileReference section */

/* Begin PBXFrameworksBuildPhase section */
		9C9FA43922A55E7C00576EB3 /* Frameworks */ = {
			isa = PBXFrameworksBuildPhase;
			buildActionMask = 2147483647;
			files = (
				2D2A50761313B60240FA3AD9 /* libPods-MediaProject.a in Frameworks */,
			);
			runOnlyForDeploymentPostprocessing = 0;
		};
		9C9FA45122A55E7E00576EB3 /* Frameworks */ = {
			isa = PBXFrameworksBuildPhase;
			buildActionMask = 2147483647;
			files = (
				77B2BE30AB66905A78D9E706 /* libPods-MediaProjectTests.a in Frameworks */,
			);
			runOnlyForDeploymentPostprocessing = 0;
		};
		9C9FA45C22A55E7E00576EB3 /* Frameworks */ = {
			isa = PBXFrameworksBuildPhase;
			buildActionMask = 2147483647;
			files = (
				5800669CBDDC356168DF61B0 /* libPods-MediaProjectUITests.a in Frameworks */,
			);
			runOnlyForDeploymentPostprocessing = 0;
		};
/* End PBXFrameworksBuildPhase section */

/* Begin PBXGroup section */
		9C9FA43322A55E7C00576EB3 = {
			isa = PBXGroup;
			children = (
				9C9FA43E22A55E7C00576EB3 /* MediaProject */,
				9C9FA45722A55E7E00576EB3 /* MediaProjectTests */,
				9C9FA46222A55E7E00576EB3 /* MediaProjectUITests */,
				9C9FA43D22A55E7C00576EB3 /* Products */,
				A8D020BC0F8494BACBAC55D8 /* Pods */,
				FFEE1048E011A93642404181 /* Frameworks */,
			);
			sourceTree = "<group>";
		};
		9C9FA43D22A55E7C00576EB3 /* Products */ = {
			isa = PBXGroup;
			children = (
				9C9FA43C22A55E7C00576EB3 /* MediaProject.app */,
				9C9FA45422A55E7E00576EB3 /* MediaProjectTests.xctest */,
				9C9FA45F22A55E7E00576EB3 /* MediaProjectUITests.xctest */,
			);
			name = Products;
			sourceTree = "<group>";
		};
		9C9FA43E22A55E7C00576EB3 /* MediaProject */ = {
			isa = PBXGroup;
			children = (
				9C9FA43F22A55E7C00576EB3 /* AppDelegate.h */,
				9C9FA44022A55E7C00576EB3 /* AppDelegate.m */,
				9C9FA44222A55E7C00576EB3 /* ViewController.h */,
				9C9FA44322A55E7C00576EB3 /* ViewController.m */,
				9C9FA44522A55E7C00576EB3 /* Main.storyboard */,
				9C9FA44822A55E7E00576EB3 /* Assets.xcassets */,
				9C9FA44A22A55E7E00576EB3 /* LaunchScreen.storyboard */,
				9C9FA44D22A55E7E00576EB3 /* Info.plist */,
				9C9FA44E22A55E7E00576EB3 /* main.m */,
			);
			path = MediaProject;
			sourceTree = "<group>";
		};
		9C9FA45722A55E7E00576EB3 /* MediaProjectTests */ = {
			isa = PBXGroup;
			children = (
				9C9FA45822A55E7E00576EB3 /* MediaProjectTests.m */,
				9C9FA45A22A55E7E00576EB3 /* Info.plist */,
			);
			path = MediaProjectTests;
			sourceTree = "<group>";
		};
		9C9FA46222A55E7E00576EB3 /* MediaProjectUITests */ = {
			isa = PBXGroup;
			children = (
				9C9FA46322A55E7E00576EB3 /* MediaProjectUITests.m */,
				9C9FA46522A55E7E00576EB3 /* Info.plist */,
			);
			path = MediaProjectUITests;
			sourceTree = "<group>";
		};
		A8D020BC0F8494BACBAC55D8 /* Pods */ = {
			isa = PBXGroup;
			children = (
				AF54C7CACDD0CD6D067331B6 /* Pods-MediaProject.debug.xcconfig */,
				771DD6C36AFB4ADA18CC80F7 /* Pods-MediaProject.release.xcconfig */,
				28A5089EB1DF4BC545EB91EE /* Pods-MediaProjectTests.debug.xcconfig */,
				A8524065AEE3C0DE359D4D03 /* Pods-MediaProjectTests.release.xcconfig */,
				6816EBB7B4864396F6037752 /* Pods-MediaProjectUITests.debug.xcconfig */,
				6ABA0C24D39C00634DE2C1A0 /* Pods-MediaProjectUITests.release.xcconfig */,
			);
			name = Pods;
			path = Pods;
			sourceTree = "<group>";
		};
		FFEE1048E011A93642404181 /* Frameworks */ = {
			isa = PBXGroup;
			children = (
				9E59277D971639E172682609 /* libPods-MediaProject.a */,
				67A445C35732B28FF9592155 /* libPods-MediaProjectTests.a */,
				3FD4E87FD534C5D8418C64F9 /* libPods-MediaProjectUITests.a */,
			);
			name = Frameworks;
			sourceTree = "<group>";
		};
/* End PBXGroup section */

/* Begin PBXNativeTarget section */
		9C9FA43B22A55E7C00576EB3 /* MediaProject */ = {
			isa = PBXNativeTarget;
			buildConfigurationList = 9C9FA46822A55E7E00576EB3 /* Build configuration list for PBXNativeTarget "MediaProject" */;
			buildPhases = (
				724C7AC51A5FC803CE9F875B /* [CP] Check Pods Manifest.lock */,
				9C9FA43822A55E7C00576EB3 /* Sources */,
				9C9FA43922A55E7C00576EB3 /* Frameworks */,
				9C9FA43A22A55E7C00576EB3 /* Resources */,
			);
			buildRules = (
			);
			dependencies = (
			);
			name = MediaProject;
			productName = MediaProject;
			productReference = 9C9FA43C22A55E7C00576EB3 /* MediaProject.app */;
			productType = "com.apple.product-type.application";
		};
		9C9FA45322A55E7E00576EB3 /* MediaProjectTests */ = {
			isa = PBXNativeTarget;
			buildConfigurationList = 9C9FA46B22A55E7E00576EB3 /* Build configuration list for PBXNativeTarget "MediaProjectTests" */;
			buildPhases = (
				BDAE3C84F056103B4CECE761 /* [CP] Check Pods Manifest.lock */,
				9C9FA45022A55E7E00576EB3 /* Sources */,
				9C9FA45122A55E7E00576EB3 /* Frameworks */,
				9C9FA45222A55E7E00576EB3 /* Resources */,
			);
			buildRules = (
			);
			dependencies = (
				9C9FA45622A55E7E00576EB3 /* PBXTargetDependency */,
			);
			name = MediaProjectTests;
			productName = MediaProjectTests;
			productReference = 9C9FA45422A55E7E00576EB3 /* MediaProjectTests.xctest */;
			productType = "com.apple.product-type.bundle.unit-test";
		};
		9C9FA45E22A55E7E00576EB3 /* MediaProjectUITests */ = {
			isa = PBXNativeTarget;
			buildConfigurationList = 9C9FA46E22A55E7E00576EB3 /* Build configuration list for PBXNativeTarget "MediaProjectUITests" */;
			buildPhases = (
				F97F88FA82140982933B578A /* [CP] Check Pods Manifest.lock */,
				9C9FA45B22A55E7E00576EB3 /* Sources */,
				9C9FA45C22A55E7E00576EB3 /* Frameworks */,
				9C9FA45D22A55E7E00576EB3 /* Resources */,
			);
			buildRules = (
			);
			dependencies = (
				9C9FA46122A55E7E00576EB3 /* PBXTargetDependency */,
			);
			name = MediaProjectUITests;
			productName = MediaProjectUITests;
			productReference = 9C9FA45F22A55E7E00576EB3 /* MediaProjectUITests.xctest */;
			productType = "com.apple.product-type.bundle.ui-testing";
		};
/* End PBXNativeTarget section */

/* Begin PBXProject section */
		9C9FA43422A55E7C00576EB3 /* Project object */ = {
			isa = PBXProject;
			attributes = {
				LastUpgradeCheck = 1020;
				ORGANIZATIONNAME = "李应鹏";
				TargetAttributes = {
					9C9FA43B22A55E7C00576EB3 = {
						CreatedOnToolsVersion = 10.2.1;
					};
					9C9FA45322A55E7E00576EB3 = {
						CreatedOnToolsVersion = 10.2.1;
						TestTargetID = 9C9FA43B22A55E7C00576EB3;
					};
					9C9FA45E22A55E7E00576EB3 = {
						CreatedOnToolsVersion = 10.2.1;
						TestTargetID = 9C9FA43B22A55E7C00576EB3;
					};
				};
			};
			buildConfigurationList = 9C9FA43722A55E7C00576EB3 /* Build configuration list for PBXProject "MediaProject" */;
			compatibilityVersion = "Xcode 9.3";
			developmentRegion = en;
			hasScannedForEncodings = 0;
			knownRegions = (
				en,
				Base,
			);
			mainGroup = 9C9FA43322A55E7C00576EB3;
			productRefGroup = 9C9FA43D22A55E7C00576EB3 /* Products */;
			projectDirPath = "";
			projectRoot = "";
			targets = (
				9C9FA43B22A55E7C00576EB3 /* MediaProject */,
				9C9FA45322A55E7E00576EB3 /* MediaProjectTests */,
				9C9FA45E22A55E7E00576EB3 /* MediaProjectUITests */,
			);
		};
/* End PBXProject section */

/* Begin PBXResourcesBuildPhase section */
		9C9FA43A22A55E7C00576EB3 /* Resources */ = {
			isa = PBXResourcesBuildPhase;
			buildActionMask = 2147483647;
			files = (
				9C9FA44C22A55E7E00576EB3 /* LaunchScreen.storyboard in Resources */,
				9C9FA44922A55E7E00576EB3 /* Assets.xcassets in Resources */,
				9C9FA44722A55E7C00576EB3 /* Main.storyboard in Resources */,
			);
			runOnlyForDeploymentPostprocessing = 0;
		};
		9C9FA45222A55E7E00576EB3 /* Resources */ = {
			isa = PBXResourcesBuildPhase;
			buildActionMask = 2147483647;
			files = (
			);
			runOnlyForDeploymentPostprocessing = 0;
		};
		9C9FA45D22A55E7E00576EB3 /* Resources */ = {
			isa = PBXResourcesBuildPhase;
			buildActionMask = 2147483647;
			files = (
			);
			runOnlyForDeploymentPostprocessing = 0;
		};
/* End PBXResourcesBuildPhase section */

/* Begin PBXShellScriptBuildPhase section */
		724C7AC51A5FC803CE9F875B /* [CP] Check Pods Manifest.lock */ = {
			isa = PBXShellScriptBuildPhase;
			buildActionMask = 2147483647;
			files = (
			);
			inputFileListPaths = (
			);
			inputPaths = (
				"${PODS_PODFILE_DIR_PATH}/Podfile.lock",
				"${PODS_ROOT}/Manifest.lock",
			);
			name = "[CP] Check Pods Manifest.lock";
			outputFileListPaths = (
			);
			outputPaths = (
				"$(DERIVED_FILE_DIR)/Pods-MediaProject-checkManifestLockResult.txt",
			);
			runOnlyForDeploymentPostprocessing = 0;
			shellPath = /bin/sh;
			shellScript = "diff \"${PODS_PODFILE_DIR_PATH}/Podfile.lock\" \"${PODS_ROOT}/Manifest.lock\" > /dev/null\nif [ $? != 0 ] ; then\n    # print error to STDERR\n    echo \"error: The sandbox is not in sync with the Podfile.lock. Run 'pod install' or update your CocoaPods installation.\" >&2\n    exit 1\nfi\n# This output is used by Xcode 'outputs' to avoid re-running this script phase.\necho \"SUCCESS\" > \"${SCRIPT_OUTPUT_FILE_0}\"\n";
			showEnvVarsInLog = 0;
		};
		BDAE3C84F056103B4CECE761 /* [CP] Check Pods Manifest.lock */ = {
			isa = PBXShellScriptBuildPhase;
			buildActionMask = 2147483647;
			files = (
			);
			inputFileListPaths = (
			);
			inputPaths = (
				"${PODS_PODFILE_DIR_PATH}/Podfile.lock",
				"${PODS_ROOT}/Manifest.lock",
			);
			name = "[CP] Check Pods Manifest.lock";
			outputFileListPaths = (
			);
			outputPaths = (
				"$(DERIVED_FILE_DIR)/Pods-MediaProjectTests-checkManifestLockResult.txt",
			);
			runOnlyForDeploymentPostprocessing = 0;
			shellPath = /bin/sh;
			shellScript = "diff \"${PODS_PODFILE_DIR_PATH}/Podfile.lock\" \"${PODS_ROOT}/Manifest.lock\" > /dev/null\nif [ $? != 0 ] ; then\n    # print error to STDERR\n    echo \"error: The sandbox is not in sync with the Podfile.lock. Run 'pod install' or update your CocoaPods installation.\" >&2\n    exit 1\nfi\n# This output is used by Xcode 'outputs' to avoid re-running this script phase.\necho \"SUCCESS\" > \"${SCRIPT_OUTPUT_FILE_0}\"\n";
			showEnvVarsInLog = 0;
		};
		F97F88FA82140982933B578A /* [CP] Check Pods Manifest.lock */ = {
			isa = PBXShellScriptBuildPhase;
			buildActionMask = 2147483647;
			files = (
			);
			inputFileListPaths = (
			);
			inputPaths = (
				"${PODS_PODFILE_DIR_PATH}/Podfile.lock",
				"${PODS_ROOT}/Manifest.lock",
			);
			name = "[CP] Check Pods Manifest.lock";
			outputFileListPaths = (
			);
			outputPaths = (
				"$(DERIVED_FILE_DIR)/Pods-MediaProjectUITests-checkManifestLockResult.txt",
			);
			runOnlyForDeploymentPostprocessing = 0;
			shellPath = /bin/sh;
			shellScript = "diff \"${PODS_PODFILE_DIR_PATH}/Podfile.lock\" \"${PODS_ROOT}/Manifest.lock\" > /dev/null\nif [ $? != 0 ] ; then\n    # print error to STDERR\n    echo \"error: The sandbox is not in sync with the Podfile.lock. Run 'pod install' or update your CocoaPods installation.\" >&2\n    exit 1\nfi\n# This output is used by Xcode 'outputs' to avoid re-running this script phase.\necho \"SUCCESS\" > \"${SCRIPT_OUTPUT_FILE_0}\"\n";
			showEnvVarsInLog = 0;
		};
/* End PBXShellScriptBuildPhase section */

/* Begin PBXSourcesBuildPhase section */
		9C9FA43822A55E7C00576EB3 /* Sources */ = {
			isa = PBXSourcesBuildPhase;
			buildActionMask = 2147483647;
			files = (
				9C9FA44422A55E7C00576EB3 /* ViewController.m in Sources */,
				9C9FA44F22A55E7E00576EB3 /* main.m in Sources */,
				9C9FA44122A55E7C00576EB3 /* AppDelegate.m in Sources */,
			);
			runOnlyForDeploymentPostprocessing = 0;
		};
		9C9FA45022A55E7E00576EB3 /* Sources */ = {
			isa = PBXSourcesBuildPhase;
			buildActionMask = 2147483647;
			files = (
				9C9FA45922A55E7E00576EB3 /* MediaProjectTests.m in Sources */,
			);
			runOnlyForDeploymentPostprocessing = 0;
		};
		9C9FA45B22A55E7E00576EB3 /* Sources */ = {
			isa = PBXSourcesBuildPhase;
			buildActionMask = 2147483647;
			files = (
				9C9FA46422A55E7E00576EB3 /* MediaProjectUITests.m in Sources */,
			);
			runOnlyForDeploymentPostprocessing = 0;
		};
/* End PBXSourcesBuildPhase section */

/* Begin PBXTargetDependency section */
		9C9FA45622A55E7E00576EB3 /* PBXTargetDependency */ = {
			isa = PBXTargetDependency;
			target = 9C9FA43B22A55E7C00576EB3 /* MediaProject */;
			targetProxy = 9C9FA45522A55E7E00576EB3 /* PBXContainerItemProxy */;
		};
		9C9FA46122A55E7E00576EB3 /* PBXTargetDependency */ = {
			isa = PBXTargetDependency;
			target = 9C9FA43B22A55E7C00576EB3 /* MediaProject */;
			targetProxy = 9C9FA46022A55E7E00576EB3 /* PBXContainerItemProxy */;
		};
/* End PBXTargetDependency section */

/* Begin PBXVariantGroup section */
		9C9FA44522A55E7C00576EB3 /* Main.storyboard */ = {
			isa = PBXVariantGroup;
			children = (
				9C9FA44622A55E7C00576EB3 /* Base */,
			);
			name = Main.storyboard;
			sourceTree = "<group>";
		};
		9C9FA44A22A55E7E00576EB3 /* LaunchScreen.storyboard */ = {
			isa = PBXVariantGroup;
			children = (
				9C9FA44B22A55E7E00576EB3 /* Base */,
			);
			name = LaunchScreen.storyboard;
			sourceTree = "<group>";
		};
/* End PBXVariantGroup section */

/* Begin XCBuildConfiguration section */
		9C9FA46622A55E7E00576EB3 /* Debug */ = {
			isa = XCBuildConfiguration;
			buildSettings = {
				ALWAYS_SEARCH_USER_PATHS = NO;
				CLANG_ANALYZER_NONNULL = YES;
				CLANG_ANALYZER_NUMBER_OBJECT_CONVERSION = YES_AGGRESSIVE;
				CLANG_CXX_LANGUAGE_STANDARD = "gnu++14";
				CLANG_CXX_LIBRARY = "libc++";
				CLANG_ENABLE_MODULES = YES;
				CLANG_ENABLE_OBJC_ARC = YES;
				CLANG_ENABLE_OBJC_WEAK = YES;
				CLANG_WARN_BLOCK_CAPTURE_AUTORELEASING = YES;
				CLANG_WARN_BOOL_CONVERSION = YES;
				CLANG_WARN_COMMA = YES;
				CLANG_WARN_CONSTANT_CONVERSION = YES;
				CLANG_WARN_DEPRECATED_OBJC_IMPLEMENTATIONS = YES;
				CLANG_WARN_DIRECT_OBJC_ISA_USAGE = YES_ERROR;
				CLANG_WARN_DOCUMENTATION_COMMENTS = YES;
				CLANG_WARN_EMPTY_BODY = YES;
				CLANG_WARN_ENUM_CONVERSION = YES;
				CLANG_WARN_INFINITE_RECURSION = YES;
				CLANG_WARN_INT_CONVERSION = YES;
				CLANG_WARN_NON_LITERAL_NULL_CONVERSION = YES;
				CLANG_WARN_OBJC_IMPLICIT_RETAIN_SELF = YES;
				CLANG_WARN_OBJC_LITERAL_CONVERSION = YES;
				CLANG_WARN_OBJC_ROOT_CLASS = YES_ERROR;
				CLANG_WARN_RANGE_LOOP_ANALYSIS = YES;
				CLANG_WARN_STRICT_PROTOTYPES = YES;
				CLANG_WARN_SUSPICIOUS_MOVE = YES;
				CLANG_WARN_UNGUARDED_AVAILABILITY = YES_AGGRESSIVE;
				CLANG_WARN_UNREACHABLE_CODE = YES;
				CLANG_WARN__DUPLICATE_METHOD_MATCH = YES;
				CODE_SIGN_IDENTITY = "iPhone Developer";
				COPY_PHASE_STRIP = NO;
				DEBUG_INFORMATION_FORMAT = dwarf;
				ENABLE_STRICT_OBJC_MSGSEND = YES;
				ENABLE_TESTABILITY = YES;
				GCC_C_LANGUAGE_STANDARD = gnu11;
				GCC_DYNAMIC_NO_PIC = NO;
				GCC_NO_COMMON_BLOCKS = YES;
				GCC_OPTIMIZATION_LEVEL = 0;
				GCC_PREPROCESSOR_DEFINITIONS = (
					"DEBUG=1",
					"$(inherited)",
				);
				GCC_WARN_64_TO_32_BIT_CONVERSION = YES;
				GCC_WARN_ABOUT_RETURN_TYPE = YES_ERROR;
				GCC_WARN_UNDECLARED_SELECTOR = YES;
				GCC_WARN_UNINITIALIZED_AUTOS = YES_AGGRESSIVE;
				GCC_WARN_UNUSED_FUNCTION = YES;
				GCC_WARN_UNUSED_VARIABLE = YES;
				IPHONEOS_DEPLOYMENT_TARGET = 12.2;
				MTL_ENABLE_DEBUG_INFO = INCLUDE_SOURCE;
				MTL_FAST_MATH = YES;
				ONLY_ACTIVE_ARCH = YES;
				SDKROOT = iphoneos;
			};
			name = Debug;
		};
		9C9FA46722A55E7E00576EB3 /* Release */ = {
			isa = XCBuildConfiguration;
			buildSettings = {
				ALWAYS_SEARCH_USER_PATHS = NO;
				CLANG_ANALYZER_NONNULL = YES;
				CLANG_ANALYZER_NUMBER_OBJECT_CONVERSION = YES_AGGRESSIVE;
				CLANG_CXX_LANGUAGE_STANDARD = "gnu++14";
				CLANG_CXX_LIBRARY = "libc++";
				CLANG_ENABLE_MODULES = YES;
				CLANG_ENABLE_OBJC_ARC = YES;
				CLANG_ENABLE_OBJC_WEAK = YES;
				CLANG_WARN_BLOCK_CAPTURE_AUTORELEASING = YES;
				CLANG_WARN_BOOL_CONVERSION = YES;
				CLANG_WARN_COMMA = YES;
				CLANG_WARN_CONSTANT_CONVERSION = YES;
				CLANG_WARN_DEPRECATED_OBJC_IMPLEMENTATIONS = YES;
				CLANG_WARN_DIRECT_OBJC_ISA_USAGE = YES_ERROR;
				CLANG_WARN_DOCUMENTATION_COMMENTS = YES;
				CLANG_WARN_EMPTY_BODY = YES;
				CLANG_WARN_ENUM_CONVERSION = YES;
				CLANG_WARN_INFINITE_RECURSION = YES;
				CLANG_WARN_INT_CONVERSION = YES;
				CLANG_WARN_NON_LITERAL_NULL_CONVERSION = YES;
				CLANG_WARN_OBJC_IMPLICIT_RETAIN_SELF = YES;
				CLANG_WARN_OBJC_LITERAL_CONVERSION = YES;
				CLANG_WARN_OBJC_ROOT_CLASS = YES_ERROR;
				CLANG_WARN_RANGE_LOOP_ANALYSIS = YES;
				CLANG_WARN_STRICT_PROTOTYPES = YES;
				CLANG_WARN_SUSPICIOUS_MOVE = YES;
				CLANG_WARN_UNGUARDED_AVAILABILITY = YES_AGGRESSIVE;
				CLANG_WARN_UNREACHABLE_CODE = YES;
				CLANG_WARN__DUPLICATE_METHOD_MATCH = YES;
				CODE_SIGN_IDENTITY = "iPhone Developer";
				COPY_PHASE_STRIP = NO;
				DEBUG_INFORMATION_FORMAT = "dwarf-with-dsym";
				ENABLE_NS_ASSERTIONS = NO;
				ENABLE_STRICT_OBJC_MSGSEND = YES;
				GCC_C_LANGUAGE_STANDARD = gnu11;
				GCC_NO_COMMON_BLOCKS = YES;
				GCC_WARN_64_TO_32_BIT_CONVERSION = YES;
				GCC_WARN_ABOUT_RETURN_TYPE = YES_ERROR;
				GCC_WARN_UNDECLARED_SELECTOR = YES;
				GCC_WARN_UNINITIALIZED_AUTOS = YES_AGGRESSIVE;
				GCC_WARN_UNUSED_FUNCTION = YES;
				GCC_WARN_UNUSED_VARIABLE = YES;
				IPHONEOS_DEPLOYMENT_TARGET = 12.2;
				MTL_ENABLE_DEBUG_INFO = NO;
				MTL_FAST_MATH = YES;
				SDKROOT = iphoneos;
				VALIDATE_PRODUCT = YES;
			};
			name = Release;
		};
		9C9FA46922A55E7E00576EB3 /* Debug */ = {
			isa = XCBuildConfiguration;
			baseConfigurationReference = AF54C7CACDD0CD6D067331B6 /* Pods-MediaProject.debug.xcconfig */;
			buildSettings = {
				ASSETCATALOG_COMPILER_APPICON_NAME = AppIcon;
				CODE_SIGN_STYLE = Automatic;
				INFOPLIST_FILE = MediaProject/Info.plist;
				LD_RUNPATH_SEARCH_PATHS = (
					"$(inherited)",
					"@executable_path/Frameworks",
				);
				PRODUCT_BUNDLE_IDENTIFIER = test.MediaProject;
				PRODUCT_NAME = "$(TARGET_NAME)";
				TARGETED_DEVICE_FAMILY = "1,2";
			};
			name = Debug;
		};
		9C9FA46A22A55E7E00576EB3 /* Release */ = {
			isa = XCBuildConfiguration;
			baseConfigurationReference = 771DD6C36AFB4ADA18CC80F7 /* Pods-MediaProject.release.xcconfig */;
			buildSettings = {
				ASSETCATALOG_COMPILER_APPICON_NAME = AppIcon;
				CODE_SIGN_STYLE = Automatic;
				INFOPLIST_FILE = MediaProject/Info.plist;
				LD_RUNPATH_SEARCH_PATHS = (
					"$(inherited)",
					"@executable_path/Frameworks",
				);
				PRODUCT_BUNDLE_IDENTIFIER = test.MediaProject;
				PRODUCT_NAME = "$(TARGET_NAME)";
				TARGETED_DEVICE_FAMILY = "1,2";
			};
			name = Release;
		};
		9C9FA46C22A55E7E00576EB3 /* Debug */ = {
			isa = XCBuildConfiguration;
			baseConfigurationReference = 28A5089EB1DF4BC545EB91EE /* Pods-MediaProjectTests.debug.xcconfig */;
			buildSettings = {
				BUNDLE_LOADER = "$(TEST_HOST)";
				CODE_SIGN_STYLE = Automatic;
				INFOPLIST_FILE = MediaProjectTests/Info.plist;
				LD_RUNPATH_SEARCH_PATHS = (
					"$(inherited)",
					"@executable_path/Frameworks",
					"@loader_path/Frameworks",
				);
				PRODUCT_BUNDLE_IDENTIFIER = test.MediaProjectTests;
				PRODUCT_NAME = "$(TARGET_NAME)";
				TARGETED_DEVICE_FAMILY = "1,2";
				TEST_HOST = "$(BUILT_PRODUCTS_DIR)/MediaProject.app/MediaProject";
			};
			name = Debug;
		};
		9C9FA46D22A55E7E00576EB3 /* Release */ = {
			isa = XCBuildConfiguration;
			baseConfigurationReference = A8524065AEE3C0DE359D4D03 /* Pods-MediaProjectTests.release.xcconfig */;
			buildSettings = {
				BUNDLE_LOADER = "$(TEST_HOST)";
				CODE_SIGN_STYLE = Automatic;
				INFOPLIST_FILE = MediaProjectTests/Info.plist;
				LD_RUNPATH_SEARCH_PATHS = (
					"$(inherited)",
					"@executable_path/Frameworks",
					"@loader_path/Frameworks",
				);
				PRODUCT_BUNDLE_IDENTIFIER = test.MediaProjectTests;
				PRODUCT_NAME = "$(TARGET_NAME)";
				TARGETED_DEVICE_FAMILY = "1,2";
				TEST_HOST = "$(BUILT_PRODUCTS_DIR)/MediaProject.app/MediaProject";
			};
			name = Release;
		};
		9C9FA46F22A55E7E00576EB3 /* Debug */ = {
			isa = XCBuildConfiguration;
			baseConfigurationReference = 6816EBB7B4864396F6037752 /* Pods-MediaProjectUITests.debug.xcconfig */;
			buildSettings = {
				CODE_SIGN_STYLE = Automatic;
				INFOPLIST_FILE = MediaProjectUITests/Info.plist;
				LD_RUNPATH_SEARCH_PATHS = (
					"$(inherited)",
					"@executable_path/Frameworks",
					"@loader_path/Frameworks",
				);
				PRODUCT_BUNDLE_IDENTIFIER = test.MediaProjectUITests;
				PRODUCT_NAME = "$(TARGET_NAME)";
				TARGETED_DEVICE_FAMILY = "1,2";
				TEST_TARGET_NAME = MediaProject;
			};
			name = Debug;
		};
		9C9FA47022A55E7E00576EB3 /* Release */ = {
			isa = XCBuildConfiguration;
			baseConfigurationReference = 6ABA0C24D39C00634DE2C1A0 /* Pods-MediaProjectUITests.release.xcconfig */;
			buildSettings = {
				CODE_SIGN_STYLE = Automatic;
				INFOPLIST_FILE = MediaProjectUITests/Info.plist;
				LD_RUNPATH_SEARCH_PATHS = (
					"$(inherited)",
					"@executable_path/Frameworks",
					"@loader_path/Frameworks",
				);
				PRODUCT_BUNDLE_IDENTIFIER = test.MediaProjectUITests;
				PRODUCT_NAME = "$(TARGET_NAME)";
				TARGETED_DEVICE_FAMILY = "1,2";
				TEST_TARGET_NAME = MediaProject;
			};
			name = Release;
		};
/* End XCBuildConfiguration section */

/* Begin XCConfigurationList section */
		9C9FA43722A55E7C00576EB3 /* Build configuration list for PBXProject "MediaProject" */ = {
			isa = XCConfigurationList;
			buildConfigurations = (
				9C9FA46622A55E7E00576EB3 /* Debug */,
				9C9FA46722A55E7E00576EB3 /* Release */,
			);
			defaultConfigurationIsVisible = 0;
			defaultConfigurationName = Release;
		};
		9C9FA46822A55E7E00576EB3 /* Build configuration list for PBXNativeTarget "MediaProject" */ = {
			isa = XCConfigurationList;
			buildConfigurations = (
				9C9FA46922A55E7E00576EB3 /* Debug */,
				9C9FA46A22A55E7E00576EB3 /* Release */,
			);
			defaultConfigurationIsVisible = 0;
			defaultConfigurationName = Release;
		};
		9C9FA46B22A55E7E00576EB3 /* Build configuration list for PBXNativeTarget "MediaProjectTests" */ = {
			isa = XCConfigurationList;
			buildConfigurations = (
				9C9FA46C22A55E7E00576EB3 /* Debug */,
				9C9FA46D22A55E7E00576EB3 /* Release */,
			);
			defaultConfigurationIsVisible = 0;
			defaultConfigurationName = Release;
		};
		9C9FA46E22A55E7E00576EB3 /* Build configuration list for PBXNativeTarget "MediaProjectUITests" */ = {
			isa = XCConfigurationList;
			buildConfigurations = (
				9C9FA46F22A55E7E00576EB3 /* Debug */,
				9C9FA47022A55E7E00576EB3 /* Release */,
			);
			defaultConfigurationIsVisible = 0;
			defaultConfigurationName = Release;
		};
/* End XCConfigurationList section */
	};
	rootObject = 9C9FA43422A55E7C00576EB3 /* Project object */;
}
